
Microsoft Visual Studio Solution File, Format Version 12.00
# Visual Studio Version 16
VisualStudioVersion = 16.0.29009.5
MinimumVisualStudioVersion = 10.0.40219.1
Project("{FAE04EC0-301F-11D3-BF4B-00C04F79EFBC}") = "TeleRat", "TeleRat\TeleRat.csproj", "{B3DF224F-9495-4DF1-97B0-AEB73717B6CE}"
EndProject
Global
	GlobalSection(SolutionConfigurationPlatforms) = preSolution
		Debug|Any CPU = Debug|Any CPU
		Release|Any CPU = Release|Any CPU
	EndGlobalSection
	GlobalSection(ProjectConfigurationPlatforms) = postSolution
		{B3DF224F-9495-4DF1-97B0-AEB73717B6CE}.Debug|Any CPU.ActiveCfg = Debug|Any CPU
		{B3DF224F-9495-4DF1-97B0-AEB73717B6CE}.Debug|Any CPU.Build.0 = Debug|Any CPU
		{B3DF224F-9495-4DF1-97B0-AEB73717B6CE}.Release|Any CPU.ActiveCfg = Release|Any CPU
		{B3DF224F-9495-4DF1-97B0-AEB73717B6CE}.Release|Any CPU.Build.0 = Release|Any CPU
	EndGlobalSection
	GlobalSection(SolutionProperties) = preSolution
		HideSolutionNode = FALSE
	EndGlobalSection
	GlobalSection(ExtensibilityGlobals) = postSolution
		SolutionGuid = {6A971843-4527-4D66-A62F-34291A62C740}
	EndGlobalSection
EndGlobal
